
Microsoft Visual Studio Solution File, Format Version 12.00
# Visual Studio Version 17
VisualStudioVersion = 17.7.34031.279
MinimumVisualStudioVersion = 10.0.40219.1
Project("{9A19103F-16F7-4668-BE54-9A1E7A4F7556}") = "ReDoMusic.Domain", "Core\ReDoMusic.Domain\ReDoMusic.Domain.csproj", "{06980F1B-082D-4D17-98C8-BB5573B3AEDB}"
EndProject
Project("{9A19103F-16F7-4668-BE54-9A1E7A4F7556}") = "RedoMusic.Persistence", "Infrastructure\RedoMusic.Persistence\RedoMusic.Persistence.csproj", "{8C3F31E3-8A60-4A36-A24E-D7D4EEB13BA4}"
EndProject
Project("{9A19103F-16F7-4668-BE54-9A1E7A4F7556}") = "RedoMusic.MVC", "Presentation\RedoMusic.MVC\RedoMusic.MVC.csproj", "{D10BE58C-41D9-4623-9463-783E817A9513}"
EndProject
Global
	GlobalSection(SolutionConfigurationPlatforms) = preSolution
		Debug|Any CPU = Debug|Any CPU
		Release|Any CPU = Release|Any CPU
	EndGlobalSection
	GlobalSection(ProjectConfigurationPlatforms) = postSolution
		{06980F1B-082D-4D17-98C8-BB5573B3AEDB}.Debug|Any CPU.ActiveCfg = Debug|Any CPU
		{06980F1B-082D-4D17-98C8-BB5573B3AEDB}.Debug|Any CPU.Build.0 = Debug|Any CPU
		{06980F1B-082D-4D17-98C8-BB5573B3AEDB}.Release|Any CPU.ActiveCfg = Release|Any CPU
		{06980F1B-082D-4D17-98C8-BB5573B3AEDB}.Release|Any CPU.Build.0 = Release|Any CPU
		{8C3F31E3-8A60-4A36-A24E-D7D4EEB13BA4}.Debug|Any CPU.ActiveCfg = Debug|Any CPU
		{8C3F31E3-8A60-4A36-A24E-D7D4EEB13BA4}.Debug|Any CPU.Build.0 = Debug|Any CPU
		{8C3F31E3-8A60-4A36-A24E-D7D4EEB13BA4}.Release|Any CPU.ActiveCfg = Release|Any CPU
		{8C3F31E3-8A60-4A36-A24E-D7D4EEB13BA4}.Release|Any CPU.Build.0 = Release|Any CPU
		{D10BE58C-41D9-4623-9463-783E817A9513}.Debug|Any CPU.ActiveCfg = Debug|Any CPU
		{D10BE58C-41D9-4623-9463-783E817A9513}.Debug|Any CPU.Build.0 = Debug|Any CPU
		{D10BE58C-41D9-4623-9463-783E817A9513}.Release|Any CPU.ActiveCfg = Release|Any CPU
		{D10BE58C-41D9-4623-9463-783E817A9513}.Release|Any CPU.Build.0 = Release|Any CPU
	EndGlobalSection
	GlobalSection(SolutionProperties) = preSolution
		HideSolutionNode = FALSE
	EndGlobalSection
	GlobalSection(ExtensibilityGlobals) = postSolution
		SolutionGuid = {407CEBAF-AAFA-494A-BBEA-4366DACAA517}
	EndGlobalSection
EndGlobal
